
Microsoft Visual Studio Solution File, Format Version 12.00
# Visual Studio 15
VisualStudioVersion = 15.0.28307.329
MinimumVisualStudioVersion = 10.0.40219.1
Project("{FAE04EC0-301F-11D3-BF4B-00C04F79EFBC}") = "Mod2_Lab1", "Mod2_Lab1\Mod2_Lab1.csproj", "{F349F446-B91C-447A-84FE-DB7C2D142B99}"
EndProject
Global
	GlobalSection(SolutionConfigurationPlatforms) = preSolution
		Debug|Any CPU = Debug|Any CPU
		Release|Any CPU = Release|Any CPU
	EndGlobalSection
	GlobalSection(ProjectConfigurationPlatforms) = postSolution
		{F349F446-B91C-447A-84FE-DB7C2D142B99}.Debug|Any CPU.ActiveCfg = Debug|Any CPU
		{F349F446-B91C-447A-84FE-DB7C2D142B99}.Debug|Any CPU.Build.0 = Debug|Any CPU
		{F349F446-B91C-447A-84FE-DB7C2D142B99}.Release|Any CPU.ActiveCfg = Release|Any CPU
		{F349F446-B91C-447A-84FE-DB7C2D142B99}.Release|Any CPU.Build.0 = Release|Any CPU
	EndGlobalSection
	GlobalSection(SolutionProperties) = preSolution
		HideSolutionNode = FALSE
	EndGlobalSection
	GlobalSection(ExtensibilityGlobals) = postSolution
		SolutionGuid = {6609AF5B-AD04-4971-BE0B-8178CBB94E4F}
	EndGlobalSection
EndGlobal
